
Microsoft Visual Studio Solution File, Format Version 12.00
# Visual Studio Version 17
VisualStudioVersion = 17.6.33815.320
MinimumVisualStudioVersion = 10.0.40219.1
Project("{FAE04EC0-301F-11D3-BF4B-00C04F79EFBC}") = "Git", "Git\Git.csproj", "{832ECDBA-0E48-4002-90CE-FA0B76179B7D}"
EndProject
Global
	GlobalSection(SolutionConfigurationPlatforms) = preSolution
		Debug|Any CPU = Debug|Any CPU
		Release|Any CPU = Release|Any CPU
	EndGlobalSection
	GlobalSection(ProjectConfigurationPlatforms) = postSolution
		{832ECDBA-0E48-4002-90CE-FA0B76179B7D}.Debug|Any CPU.ActiveCfg = Debug|Any CPU
		{832ECDBA-0E48-4002-90CE-FA0B76179B7D}.Debug|Any CPU.Build.0 = Debug|Any CPU
		{832ECDBA-0E48-4002-90CE-FA0B76179B7D}.Release|Any CPU.ActiveCfg = Release|Any CPU
		{832ECDBA-0E48-4002-90CE-FA0B76179B7D}.Release|Any CPU.Build.0 = Release|Any CPU
	EndGlobalSection
	GlobalSection(SolutionProperties) = preSolution
		HideSolutionNode = FALSE
	EndGlobalSection
	GlobalSection(ExtensibilityGlobals) = postSolution
		SolutionGuid = {C0CCE660-9B16-440B-B8CD-EB6E7ADC8A50}
	EndGlobalSection
EndGlobal
